// !$*UTF8*$!
{
	archiveVersion = 1;
	classes = {
	};
	objectVersion = 77;
	objects = {

/* Begin PBXFileReference section */
		526D6FE92D04640B002D9CFF /* start.pl */ = {isa = PBXFileReference; lastKnownFileType = text.script.perl; path = start.pl; sourceTree = "<group>"; };
		526D6FEA2D046466002D9CFF /* modules_installer.pl */ = {isa = PBXFileReference; lastKnownFileType = text.script.perl; path = modules_installer.pl; sourceTree = "<group>"; };
		526D6FEB2D0464BB002D9CFF /* authors.md */ = {isa = PBXFileReference; lastKnownFileType = net.daringfireball.markdown; path = authors.md; sourceTree = "<group>"; };
		526D6FEC2D046657002D9CFF /* LICENSE */ = {isa = PBXFileReference; lastKnownFileType = text; name = LICENSE; path = ../LICENSE; sourceTree = SOURCE_ROOT; };
		526D6FED2D046657002D9CFF /* README.md */ = {isa = PBXFileReference; lastKnownFileType = net.daringfireball.markdown; name = README.md; path = ../README.md; sourceTree = SOURCE_ROOT; };
		527A33E72D04CF3300EA9202 /* info_collect.pl */ = {isa = PBXFileReference; lastKnownFileType = text.script.perl; path = info_collect.pl; sourceTree = "<group>"; };
		52DDED282D0EF80200330B0A /* agent.pl */ = {isa = PBXFileReference; lastKnownFileType = text.script.perl; path = agent.pl; sourceTree = "<group>"; };
/* End PBXFileReference section */

/* Begin PBXFileSystemSynchronizedRootGroup section */
		527A33E92D04D01A00EA9202 /* lib */ = {
			isa = PBXFileSystemSynchronizedRootGroup;
			path = lib;
			sourceTree = "<group>";
		};
/* End PBXFileSystemSynchronizedRootGroup section */

/* Begin PBXGroup section */
		526D6FE12D0462AF002D9CFF = {
			isa = PBXGroup;
			children = (
				527A33E92D04D01A00EA9202 /* lib */,
				527A33E72D04CF3300EA9202 /* info_collect.pl */,
				52DDED282D0EF80200330B0A /* agent.pl */,
				526D6FEC2D046657002D9CFF /* LICENSE */,
				526D6FED2D046657002D9CFF /* README.md */,
				526D6FEB2D0464BB002D9CFF /* authors.md */,
				526D6FEA2D046466002D9CFF /* modules_installer.pl */,
				526D6FE92D04640B002D9CFF /* start.pl */,
			);
			sourceTree = "<group>";
		};
/* End PBXGroup section */

/* Begin PBXProject section */
		526D6FE22D0462AF002D9CFF /* Project object */ = {
			isa = PBXProject;
			attributes = {
				BuildIndependentTargetsInParallel = 1;
				LastUpgradeCheck = 1610;
			};
			buildConfigurationList = 526D6FE52D0462AF002D9CFF /* Build configuration list for PBXProject "InfoCollect" */;
			developmentRegion = en;
			hasScannedForEncodings = 0;
			knownRegions = (
				en,
				Base,
			);
			mainGroup = 526D6FE12D0462AF002D9CFF;
			minimizedProjectReferenceProxies = 1;
			preferredProjectObjectVersion = 77;
			projectDirPath = "";
			projectRoot = "";
			targets = (
			);
		};
/* End PBXProject section */

/* Begin XCBuildConfiguration section */
		526D6FE62D0462AF002D9CFF /* Debug */ = {
			isa = XCBuildConfiguration;
			buildSettings = {
			};
			name = Debug;
		};
		526D6FE72D0462AF002D9CFF /* Release */ = {
			isa = XCBuildConfiguration;
			buildSettings = {
			};
			name = Release;
		};
/* End XCBuildConfiguration section */

/* Begin XCConfigurationList section */
		526D6FE52D0462AF002D9CFF /* Build configuration list for PBXProject "InfoCollect" */ = {
			isa = XCConfigurationList;
			buildConfigurations = (
				526D6FE62D0462AF002D9CFF /* Debug */,
				526D6FE72D0462AF002D9CFF /* Release */,
			);
			defaultConfigurationIsVisible = 0;
			defaultConfigurationName = Release;
		};
/* End XCConfigurationList section */
	};
	rootObject = 526D6FE22D0462AF002D9CFF /* Project object */;
}
